// !$*UTF8*$!
{
	archiveVersion = 1;
	classes = {
	};
	objectVersion = 77;
	objects = {

/* Begin PBXBuildFile section */
		556EF44D2D68AC96001BE9B3 /* UpdateTagUseCase.swift in Sources */ = {isa = PBXBuildFile; fileRef = 556EF44A2D68AC96001BE9B3 /* UpdateTagUseCase.swift */; };
		556EF44E2D68AC96001BE9B3 /* CreateMemoUseCase.swift in Sources */ = {isa = PBXBuildFile; fileRef = 556EF4432D68AC96001BE9B3 /* CreateMemoUseCase.swift */; };
		556EF44F2D68AC96001BE9B3 /* CreateTagUseCase.swift in Sources */ = {isa = PBXBuildFile; fileRef = 556EF4482D68AC96001BE9B3 /* CreateTagUseCase.swift */; };
		556EF4502D68AC96001BE9B3 /* DeleteTagUseCase.swift in Sources */ = {isa = PBXBuildFile; fileRef = 556EF44B2D68AC96001BE9B3 /* DeleteTagUseCase.swift */; };
		556EF4512D68AC96001BE9B3 /* DeleteMemoUseCase.swift in Sources */ = {isa = PBXBuildFile; fileRef = 556EF4462D68AC96001BE9B3 /* DeleteMemoUseCase.swift */; };
		556EF4522D68AC96001BE9B3 /* FetchMemoUseCase.swift in Sources */ = {isa = PBXBuildFile; fileRef = 556EF4442D68AC96001BE9B3 /* FetchMemoUseCase.swift */; };
		556EF4532D68AC96001BE9B3 /* FetchTagUseCase.swift in Sources */ = {isa = PBXBuildFile; fileRef = 556EF4492D68AC96001BE9B3 /* FetchTagUseCase.swift */; };
		556EF4542D68AC96001BE9B3 /* UpdateMemoUseCase.swift in Sources */ = {isa = PBXBuildFile; fileRef = 556EF4452D68AC96001BE9B3 /* UpdateMemoUseCase.swift */; };
		556EF4572D68ACC1001BE9B3 /* Memo.swift in Sources */ = {isa = PBXBuildFile; fileRef = 556EF4552D68ACC1001BE9B3 /* Memo.swift */; };
		556EF4582D68ACC1001BE9B3 /* Tag.swift in Sources */ = {isa = PBXBuildFile; fileRef = 556EF4562D68ACC1001BE9B3 /* Tag.swift */; };
		556EF45B2D68ACF0001BE9B3 /* MemoRepository.swift in Sources */ = {isa = PBXBuildFile; fileRef = 556EF4592D68ACF0001BE9B3 /* MemoRepository.swift */; };
		556EF45C2D68ACF0001BE9B3 /* TagRepository.swift in Sources */ = {isa = PBXBuildFile; fileRef = 556EF45A2D68ACF0001BE9B3 /* TagRepository.swift */; };
		556EF4672D68B161001BE9B3 /* UpdateTagView.swift in Sources */ = {isa = PBXBuildFile; fileRef = 556EF4652D68B161001BE9B3 /* UpdateTagView.swift */; };
		556EF4682D68B161001BE9B3 /* MemoView.swift in Sources */ = {isa = PBXBuildFile; fileRef = 556EF45F2D68B161001BE9B3 /* MemoView.swift */; };
		556EF4692D68B161001BE9B3 /* DynamicHeightTextEditor.swift in Sources */ = {isa = PBXBuildFile; fileRef = 556EF4642D68B161001BE9B3 /* DynamicHeightTextEditor.swift */; };
		556EF46A2D68B161001BE9B3 /* EditingMemoView.swift in Sources */ = {isa = PBXBuildFile; fileRef = 556EF4612D68B161001BE9B3 /* EditingMemoView.swift */; };
		556EF46B2D68B161001BE9B3 /* CreateTagView.swift in Sources */ = {isa = PBXBuildFile; fileRef = 556EF4632D68B161001BE9B3 /* CreateTagView.swift */; };
		556EF46C2D68B161001BE9B3 /* MemoListView.swift in Sources */ = {isa = PBXBuildFile; fileRef = 556EF4602D68B161001BE9B3 /* MemoListView.swift */; };
		556EF46D2D68B161001BE9B3 /* DesignTagView.swift in Sources */ = {isa = PBXBuildFile; fileRef = 556EF45E2D68B161001BE9B3 /* DesignTagView.swift */; };
		556EF46E2D68B161001BE9B3 /* EditingTagListView.swift in Sources */ = {isa = PBXBuildFile; fileRef = 556EF4622D68B161001BE9B3 /* EditingTagListView.swift */; };
		556EF46F2D68B161001BE9B3 /* TagView.swift in Sources */ = {isa = PBXBuildFile; fileRef = 556EF45D2D68B161001BE9B3 /* TagView.swift */; };
		556EF4722D68BB82001BE9B3 /* RichTextKit in Frameworks */ = {isa = PBXBuildFile; productRef = 556EF4712D68BB82001BE9B3 /* RichTextKit */; };
		55E610BC2D2A5FA600E452A8 /* DeprecatedMainViewModel.swift in Sources */ = {isa = PBXBuildFile; fileRef = 55E610BB2D2A5FA600E452A8 /* DeprecatedMainViewModel.swift */; };
		55E610BE2D2A65B200E452A8 /* SearchView.swift in Sources */ = {isa = PBXBuildFile; fileRef = 55E610BD2D2A65B200E452A8 /* SearchView.swift */; };
		55E610C02D2A65C400E452A8 /* SettingsView.swift in Sources */ = {isa = PBXBuildFile; fileRef = 55E610BF2D2A65C400E452A8 /* SettingsView.swift */; };
		55ECA11E2D3A7DC4003E1517 /* BioAuthenticationManager.swift in Sources */ = {isa = PBXBuildFile; fileRef = 55ECA11D2D3A7DC4003E1517 /* BioAuthenticationManager.swift */; };
		55FD2B7E2D4B6615008BA108 /* MainViewModel.swift in Sources */ = {isa = PBXBuildFile; fileRef = 55FD2B7D2D4B6615008BA108 /* MainViewModel.swift */; };
		DA0A4E752D2B7AFE007E481D /* Alamofire in Frameworks */ = {isa = PBXBuildFile; productRef = 55E610D22D2AD5A500E452A8 /* Alamofire */; };
		DA0A4EB82D2B9F0A007E481D /* EmailVerificationView.swift in Sources */ = {isa = PBXBuildFile; fileRef = DA0A4EB72D2B9EF8007E481D /* EmailVerificationView.swift */; };
		DA0A4EBA2D2BC544007E481D /* SignupSuccessView.swift in Sources */ = {isa = PBXBuildFile; fileRef = DA0A4EB92D2BC536007E481D /* SignupSuccessView.swift */; };
		DA0DE63C2D43BD290006668A /* KeyboardManager.swift in Sources */ = {isa = PBXBuildFile; fileRef = DA0DE63B2D43BD290006668A /* KeyboardManager.swift */; };
		DA19C4E92D3FF9AF00ACDC00 /* DeepLinkHandler.swift in Sources */ = {isa = PBXBuildFile; fileRef = DA19C4E82D3FF9A200ACDC00 /* DeepLinkHandler.swift */; };
		DA212CD52D42A13C005D1E15 /* MemoEditorView.swift in Sources */ = {isa = PBXBuildFile; fileRef = DA212CD42D42A136005D1E15 /* MemoEditorView.swift */; };
		DA27DDA02D3464020044D3C1 /* GetUserInfoUseCase.swift in Sources */ = {isa = PBXBuildFile; fileRef = DA27DD9F2D3463F70044D3C1 /* GetUserInfoUseCase.swift */; };
		DA2DA6632D2A9492000C0495 /* SignupView.swift in Sources */ = {isa = PBXBuildFile; fileRef = DA2DA6622D2A9487000C0495 /* SignupView.swift */; };
		DA2F3EDA2D313050006F156E /* Flow in Frameworks */ = {isa = PBXBuildFile; productRef = DA2F3ED92D313050006F156E /* Flow */; };
		DA3641CA2D396F350001EB20 /* ResetPasswordView.swift in Sources */ = {isa = PBXBuildFile; fileRef = DA3641C92D396F2D0001EB20 /* ResetPasswordView.swift */; };
		DA3641CC2D3971EC0001EB20 /* ResetPasswordViewModel.swift in Sources */ = {isa = PBXBuildFile; fileRef = DA3641CB2D3971E30001EB20 /* ResetPasswordViewModel.swift */; };
		DA3C9E542D29072F00F28D07 /* MainView.swift in Sources */ = {isa = PBXBuildFile; fileRef = DA3C9E532D29072C00F28D07 /* MainView.swift */; };
		DA3C9E562D290D1500F28D07 /* AppRootView.swift in Sources */ = {isa = PBXBuildFile; fileRef = DA3C9E552D290D0E00F28D07 /* AppRootView.swift */; };
		DA3DA52A2D3650F9002C4839 /* UserState.swift in Sources */ = {isa = PBXBuildFile; fileRef = DA3DA5292D3650F3002C4839 /* UserState.swift */; };
		DA40185A2D32C7FC008500E2 /* BaseError.swift in Sources */ = {isa = PBXBuildFile; fileRef = DA4018592D32C7D3008500E2 /* BaseError.swift */; };
		DA40185D2D32D161008500E2 /* AuthDto.swift in Sources */ = {isa = PBXBuildFile; fileRef = DA40185C2D32D15B008500E2 /* AuthDto.swift */; };
		DA40185F2D32D336008500E2 /* UserDto.swift in Sources */ = {isa = PBXBuildFile; fileRef = DA40185E2D32D32F008500E2 /* UserDto.swift */; };
		DA4018612D32D35C008500E2 /* MemoDto.swift in Sources */ = {isa = PBXBuildFile; fileRef = DA4018602D32D356008500E2 /* MemoDto.swift */; };
		DA4018642D32D3E5008500E2 /* TagDto.swift in Sources */ = {isa = PBXBuildFile; fileRef = DA4018632D32D3E2008500E2 /* TagDto.swift */; };
		DA4018682D32D543008500E2 /* Error.swift in Sources */ = {isa = PBXBuildFile; fileRef = DA4018662D32D543008500E2 /* Error.swift */; };
		DA40186B2D32DC2E008500E2 /* DefaultAuthRepository.swift in Sources */ = {isa = PBXBuildFile; fileRef = DA40186A2D32DC2E008500E2 /* DefaultAuthRepository.swift */; };
		DA40186F2D32DCB8008500E2 /* DefaultMemoRepository.swift in Sources */ = {isa = PBXBuildFile; fileRef = DA40186E2D32DCB8008500E2 /* DefaultMemoRepository.swift */; };
		DA4018712D32DD02008500E2 /* DefaultTagRepository.swift in Sources */ = {isa = PBXBuildFile; fileRef = DA4018702D32DD02008500E2 /* DefaultTagRepository.swift */; };
		DA4018732D32DD5D008500E2 /* BaseRepositoryImpl.swift in Sources */ = {isa = PBXBuildFile; fileRef = DA4018722D32DD5D008500E2 /* BaseRepositoryImpl.swift */; };
		DA40BABC2D468EAA002A5893 /* ChangePasswordView.swift in Sources */ = {isa = PBXBuildFile; fileRef = DA40BABB2D468EAA002A5893 /* ChangePasswordView.swift */; };
		DA40BABE2D468ED1002A5893 /* ChangeNickname.swift in Sources */ = {isa = PBXBuildFile; fileRef = DA40BABD2D468EC3002A5893 /* ChangeNickname.swift */; };
		DA53E5192D338A0700C7C9F2 /* DIContainer.swift in Sources */ = {isa = PBXBuildFile; fileRef = DA53E5182D3389FD00C7C9F2 /* DIContainer.swift */; };
		DA53E51C2D33941400C7C9F2 /* AppState.swift in Sources */ = {isa = PBXBuildFile; fileRef = DA53E51B2D33941000C7C9F2 /* AppState.swift */; };
		DA60F2042D4DFFA500F562FA /* WithdrawalUseCase.swift in Sources */ = {isa = PBXBuildFile; fileRef = DA60F2032D4DFF9F00F562FA /* WithdrawalUseCase.swift */; };
		DA6ACEB22D4139BF006427B3 /* NaverLoginUseCase.swift in Sources */ = {isa = PBXBuildFile; fileRef = DA6ACEB12D4139B5006427B3 /* NaverLoginUseCase.swift */; };
		DA6ACEB42D413A33006427B3 /* GoogleLoginUseCase.swift in Sources */ = {isa = PBXBuildFile; fileRef = DA6ACEB32D413A2B006427B3 /* GoogleLoginUseCase.swift */; };
		DA7230A72D34CD5C0065C65A /* SystemState.swift in Sources */ = {isa = PBXBuildFile; fileRef = DA7230A62D34CD540065C65A /* SystemState.swift */; };
		DA888AF52D2FA03B00525291 /* NavigationState.swift in Sources */ = {isa = PBXBuildFile; fileRef = DA888AF42D2FA01500525291 /* NavigationState.swift */; };
		DA888AF72D2FA73300525291 /* SplashView.swift in Sources */ = {isa = PBXBuildFile; fileRef = DA888AF62D2FA72F00525291 /* SplashView.swift */; };
		DA8F562A2D34152000B8C23F /* BaseViewModel.swift in Sources */ = {isa = PBXBuildFile; fileRef = DA8F56292D34151B00B8C23F /* BaseViewModel.swift */; };
		DAA6789F2D45512F00EFB929 /* TextFormatManager.swift in Sources */ = {isa = PBXBuildFile; fileRef = DAA6789E2D45512600EFB929 /* TextFormatManager.swift */; };
		DABFE2542D28416000B314E2 /* Auth.swift in Sources */ = {isa = PBXBuildFile; fileRef = DABFE21A2D28416000B314E2 /* Auth.swift */; };
		DABFE2582D28416000B314E2 /* NetworkConfiguration.swift in Sources */ = {isa = PBXBuildFile; fileRef = DABFE2212D28416000B314E2 /* NetworkConfiguration.swift */; };
		DABFE2592D28416000B314E2 /* TokenInterceptor.swift in Sources */ = {isa = PBXBuildFile; fileRef = DABFE2222D28416000B314E2 /* TokenInterceptor.swift */; };
		DABFE25A2D28416000B314E2 /* AuthRouter.swift in Sources */ = {isa = PBXBuildFile; fileRef = DABFE2242D28416000B314E2 /* AuthRouter.swift */; };
		DABFE25B2D28416000B314E2 /* Router.swift in Sources */ = {isa = PBXBuildFile; fileRef = DABFE2252D28416000B314E2 /* Router.swift */; };
		DABFE25C2D28416000B314E2 /* AuthRepository.swift in Sources */ = {isa = PBXBuildFile; fileRef = DABFE2272D28416000B314E2 /* AuthRepository.swift */; };
		DABFE25D2D28416000B314E2 /* BaseRepository.swift in Sources */ = {isa = PBXBuildFile; fileRef = DABFE2282D28416000B314E2 /* BaseRepository.swift */; };
		DABFE25E2D28416000B314E2 /* KeyChainManager.swift in Sources */ = {isa = PBXBuildFile; fileRef = DABFE2292D28416000B314E2 /* KeyChainManager.swift */; };
		DABFE2612D28416000B314E2 /* EmailVerificationUseCase.swift in Sources */ = {isa = PBXBuildFile; fileRef = DABFE22D2D28416000B314E2 /* EmailVerificationUseCase.swift */; };
		DABFE2622D28416000B314E2 /* ForgotPasswordUseCase.swift in Sources */ = {isa = PBXBuildFile; fileRef = DABFE22E2D28416000B314E2 /* ForgotPasswordUseCase.swift */; };
		DABFE2632D28416000B314E2 /* LoginUseCase.swift in Sources */ = {isa = PBXBuildFile; fileRef = DABFE22F2D28416000B314E2 /* LoginUseCase.swift */; };
		DABFE2642D28416000B314E2 /* LogoutUseCase.swift in Sources */ = {isa = PBXBuildFile; fileRef = DABFE2302D28416000B314E2 /* LogoutUseCase.swift */; };
		DABFE2652D28416000B314E2 /* ResetPasswordUseCase.swift in Sources */ = {isa = PBXBuildFile; fileRef = DABFE2312D28416000B314E2 /* ResetPasswordUseCase.swift */; };
		DABFE2662D28416000B314E2 /* SignupUseCase.swift in Sources */ = {isa = PBXBuildFile; fileRef = DABFE2322D28416000B314E2 /* SignupUseCase.swift */; };
		DABFE2672D28416000B314E2 /* KakaoLoginUseCase.swift in Sources */ = {isa = PBXBuildFile; fileRef = DABFE2332D28416000B314E2 /* KakaoLoginUseCase.swift */; };
		DABFE2702D28416000B314E2 /* LoginView.swift in Sources */ = {isa = PBXBuildFile; fileRef = DABFE23E2D28416000B314E2 /* LoginView.swift */; };
		DABFE2752D28416000B314E2 /* LoginViewModel.swift in Sources */ = {isa = PBXBuildFile; fileRef = DABFE2462D28416000B314E2 /* LoginViewModel.swift */; };
		DABFE2792D28416000B314E2 /* SignupViewModel.swift in Sources */ = {isa = PBXBuildFile; fileRef = DABFE24A2D28416000B314E2 /* SignupViewModel.swift */; };
		DABFE27B2D28416000B314E2 /* CustomColor.swift in Sources */ = {isa = PBXBuildFile; fileRef = DABFE24F2D28416000B314E2 /* CustomColor.swift */; };
		DABFE27D2D28416000B314E2 /* MemoWithTagsApp.swift in Sources */ = {isa = PBXBuildFile; fileRef = DABFE2512D28416000B314E2 /* MemoWithTagsApp.swift */; };
		DABFE27E2D28416000B314E2 /* Preview Assets.xcassets in Resources */ = {isa = PBXBuildFile; fileRef = DABFE21F2D28416000B314E2 /* Preview Assets.xcassets */; };
		DABFE27F2D28416000B314E2 /* Assets.xcassets in Resources */ = {isa = PBXBuildFile; fileRef = DABFE24D2D28416000B314E2 /* Assets.xcassets */; };
		DABFE2822D28481100B314E2 /* MemoRouter.swift in Sources */ = {isa = PBXBuildFile; fileRef = DABFE2812D28480B00B314E2 /* MemoRouter.swift */; };
		DABFE2842D284E7200B314E2 /* TagRouter.swift in Sources */ = {isa = PBXBuildFile; fileRef = DABFE2832D284E6800B314E2 /* TagRouter.swift */; };
		DABFE2882D28634600B314E2 /* User.swift in Sources */ = {isa = PBXBuildFile; fileRef = DABFE2872D28634400B314E2 /* User.swift */; };
		DABFE28A2D286BDF00B314E2 /* EmailVerificationViewModel.swift in Sources */ = {isa = PBXBuildFile; fileRef = DABFE2892D286BD200B314E2 /* EmailVerificationViewModel.swift */; };
		DAD470B82D467EB500A3DFC3 /* AccountSettingView.swift in Sources */ = {isa = PBXBuildFile; fileRef = DAD470B72D467EAC00A3DFC3 /* AccountSettingView.swift */; };
		DAE504052D465E0C0089B7D0 /* NicknameSettingView.swift in Sources */ = {isa = PBXBuildFile; fileRef = DAE504042D465DF90089B7D0 /* NicknameSettingView.swift */; };
		DAE504072D4664C40089B7D0 /* SetProfileUseCase.swift in Sources */ = {isa = PBXBuildFile; fileRef = DAE504062D4664BE0089B7D0 /* SetProfileUseCase.swift */; };
		DAE504092D4664D90089B7D0 /* ChangePassword.swift in Sources */ = {isa = PBXBuildFile; fileRef = DAE504082D4664D10089B7D0 /* ChangePassword.swift */; };
		DAFFD2032D68DAF900C44EF1 /* EmailEnterView.swift in Sources */ = {isa = PBXBuildFile; fileRef = DAFFD2022D68DAC800C44EF1 /* EmailEnterView.swift */; };
		DAFFD2052D68E5B900C44EF1 /* EmailEnterViewModel.swift in Sources */ = {isa = PBXBuildFile; fileRef = DAFFD2042D68E5AF00C44EF1 /* EmailEnterViewModel.swift */; };
/* End PBXBuildFile section */

/* Begin PBXFileReference section */
		556EF4432D68AC96001BE9B3 /* CreateMemoUseCase.swift */ = {isa = PBXFileReference; lastKnownFileType = sourcecode.swift; path = CreateMemoUseCase.swift; sourceTree = "<group>"; };
		556EF4442D68AC96001BE9B3 /* FetchMemoUseCase.swift */ = {isa = PBXFileReference; lastKnownFileType = sourcecode.swift; path = FetchMemoUseCase.swift; sourceTree = "<group>"; };
		556EF4452D68AC96001BE9B3 /* UpdateMemoUseCase.swift */ = {isa = PBXFileReference; lastKnownFileType = sourcecode.swift; path = UpdateMemoUseCase.swift; sourceTree = "<group>"; };
		556EF4462D68AC96001BE9B3 /* DeleteMemoUseCase.swift */ = {isa = PBXFileReference; lastKnownFileType = sourcecode.swift; path = DeleteMemoUseCase.swift; sourceTree = "<group>"; };
		556EF4482D68AC96001BE9B3 /* CreateTagUseCase.swift */ = {isa = PBXFileReference; lastKnownFileType = sourcecode.swift; path = CreateTagUseCase.swift; sourceTree = "<group>"; };
		556EF4492D68AC96001BE9B3 /* FetchTagUseCase.swift */ = {isa = PBXFileReference; lastKnownFileType = sourcecode.swift; path = FetchTagUseCase.swift; sourceTree = "<group>"; };
		556EF44A2D68AC96001BE9B3 /* UpdateTagUseCase.swift */ = {isa = PBXFileReference; lastKnownFileType = sourcecode.swift; path = UpdateTagUseCase.swift; sourceTree = "<group>"; };
		556EF44B2D68AC96001BE9B3 /* DeleteTagUseCase.swift */ = {isa = PBXFileReference; lastKnownFileType = sourcecode.swift; path = DeleteTagUseCase.swift; sourceTree = "<group>"; };
		556EF4552D68ACC1001BE9B3 /* Memo.swift */ = {isa = PBXFileReference; lastKnownFileType = sourcecode.swift; path = Memo.swift; sourceTree = "<group>"; };
		556EF4562D68ACC1001BE9B3 /* Tag.swift */ = {isa = PBXFileReference; lastKnownFileType = sourcecode.swift; path = Tag.swift; sourceTree = "<group>"; };
		556EF4592D68ACF0001BE9B3 /* MemoRepository.swift */ = {isa = PBXFileReference; lastKnownFileType = sourcecode.swift; path = MemoRepository.swift; sourceTree = "<group>"; };
		556EF45A2D68ACF0001BE9B3 /* TagRepository.swift */ = {isa = PBXFileReference; lastKnownFileType = sourcecode.swift; path = TagRepository.swift; sourceTree = "<group>"; };
		556EF45D2D68B161001BE9B3 /* TagView.swift */ = {isa = PBXFileReference; lastKnownFileType = sourcecode.swift; path = TagView.swift; sourceTree = "<group>"; };
		556EF45E2D68B161001BE9B3 /* DesignTagView.swift */ = {isa = PBXFileReference; lastKnownFileType = sourcecode.swift; path = DesignTagView.swift; sourceTree = "<group>"; };
		556EF45F2D68B161001BE9B3 /* MemoView.swift */ = {isa = PBXFileReference; lastKnownFileType = sourcecode.swift; path = MemoView.swift; sourceTree = "<group>"; };
		556EF4602D68B161001BE9B3 /* MemoListView.swift */ = {isa = PBXFileReference; lastKnownFileType = sourcecode.swift; path = MemoListView.swift; sourceTree = "<group>"; };
		556EF4612D68B161001BE9B3 /* EditingMemoView.swift */ = {isa = PBXFileReference; lastKnownFileType = sourcecode.swift; path = EditingMemoView.swift; sourceTree = "<group>"; };
		556EF4622D68B161001BE9B3 /* EditingTagListView.swift */ = {isa = PBXFileReference; lastKnownFileType = sourcecode.swift; path = EditingTagListView.swift; sourceTree = "<group>"; };
		556EF4632D68B161001BE9B3 /* CreateTagView.swift */ = {isa = PBXFileReference; lastKnownFileType = sourcecode.swift; path = CreateTagView.swift; sourceTree = "<group>"; };
		556EF4642D68B161001BE9B3 /* DynamicHeightTextEditor.swift */ = {isa = PBXFileReference; lastKnownFileType = sourcecode.swift; path = DynamicHeightTextEditor.swift; sourceTree = "<group>"; };
		556EF4652D68B161001BE9B3 /* UpdateTagView.swift */ = {isa = PBXFileReference; lastKnownFileType = sourcecode.swift; path = UpdateTagView.swift; sourceTree = "<group>"; };
		55E610BB2D2A5FA600E452A8 /* DeprecatedMainViewModel.swift */ = {isa = PBXFileReference; lastKnownFileType = sourcecode.swift; path = DeprecatedMainViewModel.swift; sourceTree = "<group>"; };
		55E610BD2D2A65B200E452A8 /* SearchView.swift */ = {isa = PBXFileReference; lastKnownFileType = sourcecode.swift; path = SearchView.swift; sourceTree = "<group>"; };
		55E610BF2D2A65C400E452A8 /* SettingsView.swift */ = {isa = PBXFileReference; lastKnownFileType = sourcecode.swift; path = SettingsView.swift; sourceTree = "<group>"; };
		55ECA11D2D3A7DC4003E1517 /* BioAuthenticationManager.swift */ = {isa = PBXFileReference; lastKnownFileType = sourcecode.swift; path = BioAuthenticationManager.swift; sourceTree = "<group>"; };
		55FD2B7D2D4B6615008BA108 /* MainViewModel.swift */ = {isa = PBXFileReference; lastKnownFileType = sourcecode.swift; path = MainViewModel.swift; sourceTree = "<group>"; };
		DA0A4EB72D2B9EF8007E481D /* EmailVerificationView.swift */ = {isa = PBXFileReference; lastKnownFileType = sourcecode.swift; path = EmailVerificationView.swift; sourceTree = "<group>"; };
		DA0A4EB92D2BC536007E481D /* SignupSuccessView.swift */ = {isa = PBXFileReference; lastKnownFileType = sourcecode.swift; path = SignupSuccessView.swift; sourceTree = "<group>"; };
		DA0DE63B2D43BD290006668A /* KeyboardManager.swift */ = {isa = PBXFileReference; lastKnownFileType = sourcecode.swift; path = KeyboardManager.swift; sourceTree = "<group>"; };
		DA19C4E82D3FF9A200ACDC00 /* DeepLinkHandler.swift */ = {isa = PBXFileReference; lastKnownFileType = sourcecode.swift; path = DeepLinkHandler.swift; sourceTree = "<group>"; };
		DA212CD42D42A136005D1E15 /* MemoEditorView.swift */ = {isa = PBXFileReference; lastKnownFileType = sourcecode.swift; path = MemoEditorView.swift; sourceTree = "<group>"; };
		DA27DD9F2D3463F70044D3C1 /* GetUserInfoUseCase.swift */ = {isa = PBXFileReference; lastKnownFileType = sourcecode.swift; path = GetUserInfoUseCase.swift; sourceTree = "<group>"; };
		DA2DA6622D2A9487000C0495 /* SignupView.swift */ = {isa = PBXFileReference; lastKnownFileType = sourcecode.swift; path = SignupView.swift; sourceTree = "<group>"; };
		DA2DA6642D2AF00D000C0495 /* Info.plist */ = {isa = PBXFileReference; lastKnownFileType = text.plist.xml; path = Info.plist; sourceTree = "<group>"; };
		DA3641C92D396F2D0001EB20 /* ResetPasswordView.swift */ = {isa = PBXFileReference; lastKnownFileType = sourcecode.swift; path = ResetPasswordView.swift; sourceTree = "<group>"; };
		DA3641CB2D3971E30001EB20 /* ResetPasswordViewModel.swift */ = {isa = PBXFileReference; lastKnownFileType = sourcecode.swift; path = ResetPasswordViewModel.swift; sourceTree = "<group>"; };
		DA3C9E532D29072C00F28D07 /* MainView.swift */ = {isa = PBXFileReference; lastKnownFileType = sourcecode.swift; path = MainView.swift; sourceTree = "<group>"; };
		DA3C9E552D290D0E00F28D07 /* AppRootView.swift */ = {isa = PBXFileReference; lastKnownFileType = sourcecode.swift; path = AppRootView.swift; sourceTree = "<group>"; };
		DA3DA5292D3650F3002C4839 /* UserState.swift */ = {isa = PBXFileReference; lastKnownFileType = sourcecode.swift; path = UserState.swift; sourceTree = "<group>"; };
		DA4018592D32C7D3008500E2 /* BaseError.swift */ = {isa = PBXFileReference; lastKnownFileType = sourcecode.swift; path = BaseError.swift; sourceTree = "<group>"; };
		DA40185C2D32D15B008500E2 /* AuthDto.swift */ = {isa = PBXFileReference; lastKnownFileType = sourcecode.swift; path = AuthDto.swift; sourceTree = "<group>"; };
		DA40185E2D32D32F008500E2 /* UserDto.swift */ = {isa = PBXFileReference; lastKnownFileType = sourcecode.swift; path = UserDto.swift; sourceTree = "<group>"; };
		DA4018602D32D356008500E2 /* MemoDto.swift */ = {isa = PBXFileReference; lastKnownFileType = sourcecode.swift; path = MemoDto.swift; sourceTree = "<group>"; };
		DA4018632D32D3E2008500E2 /* TagDto.swift */ = {isa = PBXFileReference; lastKnownFileType = sourcecode.swift; path = TagDto.swift; sourceTree = "<group>"; };
		DA4018662D32D543008500E2 /* Error.swift */ = {isa = PBXFileReference; lastKnownFileType = sourcecode.swift; path = Error.swift; sourceTree = "<group>"; };
		DA40186A2D32DC2E008500E2 /* DefaultAuthRepository.swift */ = {isa = PBXFileReference; lastKnownFileType = sourcecode.swift; path = DefaultAuthRepository.swift; sourceTree = "<group>"; };
		DA40186E2D32DCB8008500E2 /* DefaultMemoRepository.swift */ = {isa = PBXFileReference; lastKnownFileType = sourcecode.swift; path = DefaultMemoRepository.swift; sourceTree = "<group>"; };
		DA4018702D32DD02008500E2 /* DefaultTagRepository.swift */ = {isa = PBXFileReference; lastKnownFileType = sourcecode.swift; path = DefaultTagRepository.swift; sourceTree = "<group>"; };
		DA4018722D32DD5D008500E2 /* BaseRepositoryImpl.swift */ = {isa = PBXFileReference; lastKnownFileType = sourcecode.swift; path = BaseRepositoryImpl.swift; sourceTree = "<group>"; };
		DA40BABB2D468EAA002A5893 /* ChangePasswordView.swift */ = {isa = PBXFileReference; lastKnownFileType = sourcecode.swift; path = ChangePasswordView.swift; sourceTree = "<group>"; };
		DA40BABD2D468EC3002A5893 /* ChangeNickname.swift */ = {isa = PBXFileReference; lastKnownFileType = sourcecode.swift; path = ChangeNickname.swift; sourceTree = "<group>"; };
		DA53E5182D3389FD00C7C9F2 /* DIContainer.swift */ = {isa = PBXFileReference; lastKnownFileType = sourcecode.swift; path = DIContainer.swift; sourceTree = "<group>"; };
		DA53E51B2D33941000C7C9F2 /* AppState.swift */ = {isa = PBXFileReference; lastKnownFileType = sourcecode.swift; path = AppState.swift; sourceTree = "<group>"; };
		DA60F2032D4DFF9F00F562FA /* WithdrawalUseCase.swift */ = {isa = PBXFileReference; lastKnownFileType = sourcecode.swift; path = WithdrawalUseCase.swift; sourceTree = "<group>"; };
		DA6ACEB12D4139B5006427B3 /* NaverLoginUseCase.swift */ = {isa = PBXFileReference; lastKnownFileType = sourcecode.swift; path = NaverLoginUseCase.swift; sourceTree = "<group>"; };
		DA6ACEB32D413A2B006427B3 /* GoogleLoginUseCase.swift */ = {isa = PBXFileReference; lastKnownFileType = sourcecode.swift; path = GoogleLoginUseCase.swift; sourceTree = "<group>"; };
		DA7230A62D34CD540065C65A /* SystemState.swift */ = {isa = PBXFileReference; lastKnownFileType = sourcecode.swift; path = SystemState.swift; sourceTree = "<group>"; };
		DA888AF42D2FA01500525291 /* NavigationState.swift */ = {isa = PBXFileReference; lastKnownFileType = sourcecode.swift; path = NavigationState.swift; sourceTree = "<group>"; };
		DA888AF62D2FA72F00525291 /* SplashView.swift */ = {isa = PBXFileReference; lastKnownFileType = sourcecode.swift; path = SplashView.swift; sourceTree = "<group>"; };
		DA8F56292D34151B00B8C23F /* BaseViewModel.swift */ = {isa = PBXFileReference; lastKnownFileType = sourcecode.swift; path = BaseViewModel.swift; sourceTree = "<group>"; };
		DA98BFF12D1D4B6B00F992AC /* MemoWithTags.app */ = {isa = PBXFileReference; explicitFileType = wrapper.application; includeInIndex = 0; path = MemoWithTags.app; sourceTree = BUILT_PRODUCTS_DIR; };
		DAA6789E2D45512600EFB929 /* TextFormatManager.swift */ = {isa = PBXFileReference; lastKnownFileType = sourcecode.swift; path = TextFormatManager.swift; sourceTree = "<group>"; };
		DABFE21A2D28416000B314E2 /* Auth.swift */ = {isa = PBXFileReference; lastKnownFileType = sourcecode.swift; path = Auth.swift; sourceTree = "<group>"; };
		DABFE21F2D28416000B314E2 /* Preview Assets.xcassets */ = {isa = PBXFileReference; lastKnownFileType = folder.assetcatalog; path = "Preview Assets.xcassets"; sourceTree = "<group>"; };
		DABFE2212D28416000B314E2 /* NetworkConfiguration.swift */ = {isa = PBXFileReference; lastKnownFileType = sourcecode.swift; path = NetworkConfiguration.swift; sourceTree = "<group>"; };
		DABFE2222D28416000B314E2 /* TokenInterceptor.swift */ = {isa = PBXFileReference; lastKnownFileType = sourcecode.swift; path = TokenInterceptor.swift; sourceTree = "<group>"; };
		DABFE2242D28416000B314E2 /* AuthRouter.swift */ = {isa = PBXFileReference; lastKnownFileType = sourcecode.swift; path = AuthRouter.swift; sourceTree = "<group>"; };
		DABFE2252D28416000B314E2 /* Router.swift */ = {isa = PBXFileReference; lastKnownFileType = sourcecode.swift; path = Router.swift; sourceTree = "<group>"; };
		DABFE2272D28416000B314E2 /* AuthRepository.swift */ = {isa = PBXFileReference; lastKnownFileType = sourcecode.swift; path = AuthRepository.swift; sourceTree = "<group>"; };
		DABFE2282D28416000B314E2 /* BaseRepository.swift */ = {isa = PBXFileReference; lastKnownFileType = sourcecode.swift; path = BaseRepository.swift; sourceTree = "<group>"; };
		DABFE2292D28416000B314E2 /* KeyChainManager.swift */ = {isa = PBXFileReference; lastKnownFileType = sourcecode.swift; path = KeyChainManager.swift; sourceTree = "<group>"; };
		DABFE22D2D28416000B314E2 /* EmailVerificationUseCase.swift */ = {isa = PBXFileReference; lastKnownFileType = sourcecode.swift; path = EmailVerificationUseCase.swift; sourceTree = "<group>"; };
		DABFE22E2D28416000B314E2 /* ForgotPasswordUseCase.swift */ = {isa = PBXFileReference; lastKnownFileType = sourcecode.swift; path = ForgotPasswordUseCase.swift; sourceTree = "<group>"; };
		DABFE22F2D28416000B314E2 /* LoginUseCase.swift */ = {isa = PBXFileReference; lastKnownFileType = sourcecode.swift; path = LoginUseCase.swift; sourceTree = "<group>"; };
		DABFE2302D28416000B314E2 /* LogoutUseCase.swift */ = {isa = PBXFileReference; lastKnownFileType = sourcecode.swift; path = LogoutUseCase.swift; sourceTree = "<group>"; };
		DABFE2312D28416000B314E2 /* ResetPasswordUseCase.swift */ = {isa = PBXFileReference; lastKnownFileType = sourcecode.swift; path = ResetPasswordUseCase.swift; sourceTree = "<group>"; };
		DABFE2322D28416000B314E2 /* SignupUseCase.swift */ = {isa = PBXFileReference; lastKnownFileType = sourcecode.swift; path = SignupUseCase.swift; sourceTree = "<group>"; };
		DABFE2332D28416000B314E2 /* KakaoLoginUseCase.swift */ = {isa = PBXFileReference; lastKnownFileType = sourcecode.swift; path = KakaoLoginUseCase.swift; sourceTree = "<group>"; };
		DABFE23E2D28416000B314E2 /* LoginView.swift */ = {isa = PBXFileReference; lastKnownFileType = sourcecode.swift; path = LoginView.swift; sourceTree = "<group>"; };
		DABFE2462D28416000B314E2 /* LoginViewModel.swift */ = {isa = PBXFileReference; lastKnownFileType = sourcecode.swift; path = LoginViewModel.swift; sourceTree = "<group>"; };
		DABFE24A2D28416000B314E2 /* SignupViewModel.swift */ = {isa = PBXFileReference; lastKnownFileType = sourcecode.swift; path = SignupViewModel.swift; sourceTree = "<group>"; };
		DABFE24D2D28416000B314E2 /* Assets.xcassets */ = {isa = PBXFileReference; lastKnownFileType = folder.assetcatalog; path = Assets.xcassets; sourceTree = "<group>"; };
		DABFE24F2D28416000B314E2 /* CustomColor.swift */ = {isa = PBXFileReference; lastKnownFileType = sourcecode.swift; path = CustomColor.swift; sourceTree = "<group>"; };
		DABFE2512D28416000B314E2 /* MemoWithTagsApp.swift */ = {isa = PBXFileReference; lastKnownFileType = sourcecode.swift; path = MemoWithTagsApp.swift; sourceTree = "<group>"; };
		DABFE2812D28480B00B314E2 /* MemoRouter.swift */ = {isa = PBXFileReference; lastKnownFileType = sourcecode.swift; path = MemoRouter.swift; sourceTree = "<group>"; };
		DABFE2832D284E6800B314E2 /* TagRouter.swift */ = {isa = PBXFileReference; lastKnownFileType = sourcecode.swift; path = TagRouter.swift; sourceTree = "<group>"; };
		DABFE2872D28634400B314E2 /* User.swift */ = {isa = PBXFileReference; lastKnownFileType = sourcecode.swift; path = User.swift; sourceTree = "<group>"; };
		DABFE2892D286BD200B314E2 /* EmailVerificationViewModel.swift */ = {isa = PBXFileReference; lastKnownFileType = sourcecode.swift; path = EmailVerificationViewModel.swift; sourceTree = "<group>"; };
		DAD470B72D467EAC00A3DFC3 /* AccountSettingView.swift */ = {isa = PBXFileReference; lastKnownFileType = sourcecode.swift; path = AccountSettingView.swift; sourceTree = "<group>"; };
		DAE504042D465DF90089B7D0 /* NicknameSettingView.swift */ = {isa = PBXFileReference; lastKnownFileType = sourcecode.swift; path = NicknameSettingView.swift; sourceTree = "<group>"; };
		DAE504062D4664BE0089B7D0 /* SetProfileUseCase.swift */ = {isa = PBXFileReference; lastKnownFileType = sourcecode.swift; path = SetProfileUseCase.swift; sourceTree = "<group>"; };
		DAE504082D4664D10089B7D0 /* ChangePassword.swift */ = {isa = PBXFileReference; lastKnownFileType = sourcecode.swift; path = ChangePassword.swift; sourceTree = "<group>"; };
		DAFFD2022D68DAC800C44EF1 /* EmailEnterView.swift */ = {isa = PBXFileReference; lastKnownFileType = sourcecode.swift; path = EmailEnterView.swift; sourceTree = "<group>"; };
		DAFFD2042D68E5AF00C44EF1 /* EmailEnterViewModel.swift */ = {isa = PBXFileReference; lastKnownFileType = sourcecode.swift; path = EmailEnterViewModel.swift; sourceTree = "<group>"; };
/* End PBXFileReference section */

/* Begin PBXFrameworksBuildPhase section */
		DA98BFEE2D1D4B6B00F992AC /* Frameworks */ = {
			isa = PBXFrameworksBuildPhase;
			buildActionMask = 2147483647;
			files = (
				DA2F3EDA2D313050006F156E /* Flow in Frameworks */,
				DA0A4E752D2B7AFE007E481D /* Alamofire in Frameworks */,
				556EF4722D68BB82001BE9B3 /* RichTextKit in Frameworks */,
			);
			runOnlyForDeploymentPostprocessing = 0;
		};
/* End PBXFrameworksBuildPhase section */

/* Begin PBXGroup section */
		556EF4472D68AC96001BE9B3 /* Memo */ = {
			isa = PBXGroup;
			children = (
				556EF4432D68AC96001BE9B3 /* CreateMemoUseCase.swift */,
				556EF4442D68AC96001BE9B3 /* FetchMemoUseCase.swift */,
				556EF4452D68AC96001BE9B3 /* UpdateMemoUseCase.swift */,
				556EF4462D68AC96001BE9B3 /* DeleteMemoUseCase.swift */,
			);
			path = Memo;
			sourceTree = "<group>";
		};
		556EF44C2D68AC96001BE9B3 /* Tag */ = {
			isa = PBXGroup;
			children = (
				556EF4482D68AC96001BE9B3 /* CreateTagUseCase.swift */,
				556EF4492D68AC96001BE9B3 /* FetchTagUseCase.swift */,
				556EF44A2D68AC96001BE9B3 /* UpdateTagUseCase.swift */,
				556EF44B2D68AC96001BE9B3 /* DeleteTagUseCase.swift */,
			);
			path = Tag;
			sourceTree = "<group>";
		};
		556EF4662D68B161001BE9B3 /* SubView */ = {
			isa = PBXGroup;
			children = (
				556EF45D2D68B161001BE9B3 /* TagView.swift */,
				556EF45E2D68B161001BE9B3 /* DesignTagView.swift */,
				556EF45F2D68B161001BE9B3 /* MemoView.swift */,
				556EF4602D68B161001BE9B3 /* MemoListView.swift */,
				556EF4612D68B161001BE9B3 /* EditingMemoView.swift */,
				556EF4622D68B161001BE9B3 /* EditingTagListView.swift */,
				556EF4632D68B161001BE9B3 /* CreateTagView.swift */,
				556EF4642D68B161001BE9B3 /* DynamicHeightTextEditor.swift */,
				556EF4652D68B161001BE9B3 /* UpdateTagView.swift */,
			);
			path = SubView;
			sourceTree = "<group>";
		};
		DA3C9E572D291BBF00F28D07 /* Application */ = {
			isa = PBXGroup;
			children = (
				DABFE2292D28416000B314E2 /* KeyChainManager.swift */,
				55ECA11D2D3A7DC4003E1517 /* BioAuthenticationManager.swift */,
				DA0DE63B2D43BD290006668A /* KeyboardManager.swift */,
				DAA6789E2D45512600EFB929 /* TextFormatManager.swift */,
			);
			path = Application;
			sourceTree = "<group>";
		};
		DA4018522D32AA07008500E2 /* Data */ = {
			isa = PBXGroup;
			children = (
				DA4018582D32C7A1008500E2 /* Error */,
				DABFE2232D28416000B314E2 /* Network */,
				DABFE22C2D28416000B314E2 /* Repository */,
			);
			path = Data;
			sourceTree = "<group>";
		};
		DA4018532D32AA11008500E2 /* Domain */ = {
			isa = PBXGroup;
			children = (
				DA4018672D32D543008500E2 /* Error */,
				DABFE23D2D28416000B314E2 /* UseCase */,
				DA4018552D32BE64008500E2 /* Entity */,
				DA4018572D32BE9F008500E2 /* Interface */,
			);
			path = Domain;
			sourceTree = "<group>";
		};
		DA4018542D32AA19008500E2 /* Presentation */ = {
			isa = PBXGroup;
			children = (
				DABFE24C2D28416000B314E2 /* ViewModel */,
				DABFE2452D28416000B314E2 /* View */,
			);
			path = Presentation;
			sourceTree = "<group>";
		};
		DA4018552D32BE64008500E2 /* Entity */ = {
			isa = PBXGroup;
			children = (
				DABFE21A2D28416000B314E2 /* Auth.swift */,
				DABFE2872D28634400B314E2 /* User.swift */,
				556EF4552D68ACC1001BE9B3 /* Memo.swift */,
				556EF4562D68ACC1001BE9B3 /* Tag.swift */,
			);
			path = Entity;
			sourceTree = "<group>";
		};
		DA4018572D32BE9F008500E2 /* Interface */ = {
			isa = PBXGroup;
			children = (
				DA4018692D32DB51008500E2 /* Repository */,
			);
			path = Interface;
			sourceTree = "<group>";
		};
		DA4018582D32C7A1008500E2 /* Error */ = {
			isa = PBXGroup;
			children = (
				DA4018592D32C7D3008500E2 /* BaseError.swift */,
			);
			path = Error;
			sourceTree = "<group>";
		};
		DA40185B2D32D054008500E2 /* Dto */ = {
			isa = PBXGroup;
			children = (
				DA40185C2D32D15B008500E2 /* AuthDto.swift */,
				DA40185E2D32D32F008500E2 /* UserDto.swift */,
				DA4018602D32D356008500E2 /* MemoDto.swift */,
				DA4018632D32D3E2008500E2 /* TagDto.swift */,
			);
			path = Dto;
			sourceTree = "<group>";
		};
		DA4018672D32D543008500E2 /* Error */ = {
			isa = PBXGroup;
			children = (
				DA4018662D32D543008500E2 /* Error.swift */,
			);
			path = Error;
			sourceTree = "<group>";
		};
		DA4018692D32DB51008500E2 /* Repository */ = {
			isa = PBXGroup;
			children = (
				DABFE2282D28416000B314E2 /* BaseRepository.swift */,
				DABFE2272D28416000B314E2 /* AuthRepository.swift */,
				556EF4592D68ACF0001BE9B3 /* MemoRepository.swift */,
				556EF45A2D68ACF0001BE9B3 /* TagRepository.swift */,
			);
			path = Repository;
			sourceTree = "<group>";
		};
		DA53E51A2D3393EE00C7C9F2 /* AppEnvironment */ = {
			isa = PBXGroup;
			children = (
				DA7230A52D34CD4E0065C65A /* States */,
				DA53E51B2D33941000C7C9F2 /* AppState.swift */,
				DA53E5182D3389FD00C7C9F2 /* DIContainer.swift */,
				DA19C4E82D3FF9A200ACDC00 /* DeepLinkHandler.swift */,
			);
			path = AppEnvironment;
			sourceTree = "<group>";
		};
		DA7230A52D34CD4E0065C65A /* States */ = {
			isa = PBXGroup;
			children = (
				DA7230A62D34CD540065C65A /* SystemState.swift */,
				DA888AF42D2FA01500525291 /* NavigationState.swift */,
				DA3DA5292D3650F3002C4839 /* UserState.swift */,
			);
			path = States;
			sourceTree = "<group>";
		};
		DA98BFE82D1D4B6B00F992AC = {
			isa = PBXGroup;
			children = (
				DABFE2522D28416000B314E2 /* MemoWithTags */,
				DA98BFF22D1D4B6B00F992AC /* Products */,
			);
			sourceTree = "<group>";
		};
		DA98BFF22D1D4B6B00F992AC /* Products */ = {
			isa = PBXGroup;
			children = (
				DA98BFF12D1D4B6B00F992AC /* MemoWithTags.app */,
			);
			name = Products;
			sourceTree = "<group>";
		};
		DABFE2202D28416000B314E2 /* Preview Content */ = {
			isa = PBXGroup;
			children = (
				DABFE21F2D28416000B314E2 /* Preview Assets.xcassets */,
			);
			path = "Preview Content";
			sourceTree = "<group>";
		};
		DABFE2232D28416000B314E2 /* Network */ = {
			isa = PBXGroup;
			children = (
				DABFE2212D28416000B314E2 /* NetworkConfiguration.swift */,
				DABFE2222D28416000B314E2 /* TokenInterceptor.swift */,
			);
			path = Network;
			sourceTree = "<group>";
		};
		DABFE2262D28416000B314E2 /* Router */ = {
			isa = PBXGroup;
			children = (
				DABFE2252D28416000B314E2 /* Router.swift */,
				DABFE2242D28416000B314E2 /* AuthRouter.swift */,
				DABFE2812D28480B00B314E2 /* MemoRouter.swift */,
				DABFE2832D284E6800B314E2 /* TagRouter.swift */,
			);
			path = Router;
			sourceTree = "<group>";
		};
		DABFE22C2D28416000B314E2 /* Repository */ = {
			isa = PBXGroup;
			children = (
				DA40185B2D32D054008500E2 /* Dto */,
				DABFE2262D28416000B314E2 /* Router */,
				DA4018722D32DD5D008500E2 /* BaseRepositoryImpl.swift */,
				DA40186A2D32DC2E008500E2 /* DefaultAuthRepository.swift */,
				DA40186E2D32DCB8008500E2 /* DefaultMemoRepository.swift */,
				DA4018702D32DD02008500E2 /* DefaultTagRepository.swift */,
			);
			path = Repository;
			sourceTree = "<group>";
		};
		DABFE2342D28416000B314E2 /* Auth */ = {
			isa = PBXGroup;
			children = (
				DABFE2322D28416000B314E2 /* SignupUseCase.swift */,
				DABFE22F2D28416000B314E2 /* LoginUseCase.swift */,
				DABFE2302D28416000B314E2 /* LogoutUseCase.swift */,
				DABFE22D2D28416000B314E2 /* EmailVerificationUseCase.swift */,
				DABFE22E2D28416000B314E2 /* ForgotPasswordUseCase.swift */,
				DABFE2312D28416000B314E2 /* ResetPasswordUseCase.swift */,
				DA27DD9F2D3463F70044D3C1 /* GetUserInfoUseCase.swift */,
				DAE504062D4664BE0089B7D0 /* SetProfileUseCase.swift */,
				DAE504082D4664D10089B7D0 /* ChangePassword.swift */,
				DABFE2332D28416000B314E2 /* KakaoLoginUseCase.swift */,
				DA6ACEB12D4139B5006427B3 /* NaverLoginUseCase.swift */,
				DA6ACEB32D413A2B006427B3 /* GoogleLoginUseCase.swift */,
				DA60F2032D4DFF9F00F562FA /* WithdrawalUseCase.swift */,
				556EF4472D68AC96001BE9B3 /* Memo */,
				556EF44C2D68AC96001BE9B3 /* Tag */,
			);
			path = Auth;
			sourceTree = "<group>";
		};
		DABFE23D2D28416000B314E2 /* UseCase */ = {
			isa = PBXGroup;
			children = (
				DABFE2342D28416000B314E2 /* Auth */,
			);
			path = UseCase;
			sourceTree = "<group>";
		};
		DABFE2432D28416000B314E2 /* Pages */ = {
			isa = PBXGroup;
			children = (
				DA888AF62D2FA72F00525291 /* SplashView.swift */,
				DA3C9E532D29072C00F28D07 /* MainView.swift */,
				DA212CD42D42A136005D1E15 /* MemoEditorView.swift */,
				55E610BD2D2A65B200E452A8 /* SearchView.swift */,
				DAFFD2012D68D93F00C44EF1 /* Auth */,
				DAFFD2062D68F1B400C44EF1 /* Settings */,
			);
			path = Pages;
			sourceTree = "<group>";
		};
		DABFE2452D28416000B314E2 /* View */ = {
			isa = PBXGroup;
			children = (
				DABFE2512D28416000B314E2 /* MemoWithTagsApp.swift */,
				DA3C9E552D290D0E00F28D07 /* AppRootView.swift */,
				556EF4662D68B161001BE9B3 /* SubView */,
				DABFE2432D28416000B314E2 /* Pages */,
			);
			path = View;
			sourceTree = "<group>";
		};
		DABFE24C2D28416000B314E2 /* ViewModel */ = {
			isa = PBXGroup;
			children = (
				DA8F56292D34151B00B8C23F /* BaseViewModel.swift */,
				DABFE2462D28416000B314E2 /* LoginViewModel.swift */,
				DAFFD2042D68E5AF00C44EF1 /* EmailEnterViewModel.swift */,
				DABFE2892D286BD200B314E2 /* EmailVerificationViewModel.swift */,
				DABFE24A2D28416000B314E2 /* SignupViewModel.swift */,
				DA3641CB2D3971E30001EB20 /* ResetPasswordViewModel.swift */,
				55E610BB2D2A5FA600E452A8 /* DeprecatedMainViewModel.swift */,
				55FD2B7D2D4B6615008BA108 /* MainViewModel.swift */,
			);
			path = ViewModel;
			sourceTree = "<group>";
		};
		DABFE2522D28416000B314E2 /* MemoWithTags */ = {
			isa = PBXGroup;
			children = (
				DA4018522D32AA07008500E2 /* Data */,
				DA4018532D32AA11008500E2 /* Domain */,
				DA4018542D32AA19008500E2 /* Presentation */,
				DA3C9E572D291BBF00F28D07 /* Application */,
				DA53E51A2D3393EE00C7C9F2 /* AppEnvironment */,
				DABFE24F2D28416000B314E2 /* CustomColor.swift */,
				DABFE24D2D28416000B314E2 /* Assets.xcassets */,
				DA2DA6642D2AF00D000C0495 /* Info.plist */,
				DABFE2202D28416000B314E2 /* Preview Content */,
			);
			path = MemoWithTags;
			sourceTree = "<group>";
		};
		DAFFD2012D68D93F00C44EF1 /* Auth */ = {
			isa = PBXGroup;
			children = (
				DABFE23E2D28416000B314E2 /* LoginView.swift */,
				DAFFD2022D68DAC800C44EF1 /* EmailEnterView.swift */,
				DA0A4EB72D2B9EF8007E481D /* EmailVerificationView.swift */,
				DA2DA6622D2A9487000C0495 /* SignupView.swift */,
				DA0A4EB92D2BC536007E481D /* SignupSuccessView.swift */,
				DAE504042D465DF90089B7D0 /* NicknameSettingView.swift */,
				DA3641C92D396F2D0001EB20 /* ResetPasswordView.swift */,
			);
			path = Auth;
			sourceTree = "<group>";
		};
		DAFFD2062D68F1B400C44EF1 /* Settings */ = {
			isa = PBXGroup;
			children = (
				55E610BF2D2A65C400E452A8 /* SettingsView.swift */,
				DAD470B72D467EAC00A3DFC3 /* AccountSettingView.swift */,
				DA40BABB2D468EAA002A5893 /* ChangePasswordView.swift */,
				DA40BABD2D468EC3002A5893 /* ChangeNickname.swift */,
			);
			path = Settings;
			sourceTree = "<group>";
		};
/* End PBXGroup section */

/* Begin PBXNativeTarget section */
		DA98BFF02D1D4B6B00F992AC /* MemoWithTags */ = {
			isa = PBXNativeTarget;
			buildConfigurationList = DA98BFFF2D1D4B6D00F992AC /* Build configuration list for PBXNativeTarget "MemoWithTags" */;
			buildPhases = (
				DA98BFED2D1D4B6B00F992AC /* Sources */,
				DA98BFEE2D1D4B6B00F992AC /* Frameworks */,
				DA98BFEF2D1D4B6B00F992AC /* Resources */,
			);
			buildRules = (
			);
			dependencies = (
			);
			name = MemoWithTags;
			packageProductDependencies = (
				55E610D22D2AD5A500E452A8 /* Alamofire */,
				DA2F3ED92D313050006F156E /* Flow */,
				556EF4712D68BB82001BE9B3 /* RichTextKit */,
			);
			productName = MemoWithTags;
			productReference = DA98BFF12D1D4B6B00F992AC /* MemoWithTags.app */;
			productType = "com.apple.product-type.application";
		};
/* End PBXNativeTarget section */

/* Begin PBXProject section */
		DA98BFE92D1D4B6B00F992AC /* Project object */ = {
			isa = PBXProject;
			attributes = {
				BuildIndependentTargetsInParallel = 1;
				LastSwiftUpdateCheck = 1620;
				LastUpgradeCheck = 1620;
				TargetAttributes = {
					DA98BFF02D1D4B6B00F992AC = {
						CreatedOnToolsVersion = 16.2;
					};
				};
			};
			buildConfigurationList = DA98BFEC2D1D4B6B00F992AC /* Build configuration list for PBXProject "MemoWithTags" */;
			developmentRegion = en;
			hasScannedForEncodings = 0;
			knownRegions = (
				en,
				Base,
			);
			mainGroup = DA98BFE82D1D4B6B00F992AC;
			minimizedProjectReferenceProxies = 1;
			packageReferences = (
				55E610D12D2AD5A500E452A8 /* XCRemoteSwiftPackageReference "Alamofire" */,
				DA2F3ED82D313050006F156E /* XCRemoteSwiftPackageReference "SwiftUI-Flow" */,
				556EF4702D68BB82001BE9B3 /* XCRemoteSwiftPackageReference "RichTextKit" */,
			);
			preferredProjectObjectVersion = 77;
			productRefGroup = DA98BFF22D1D4B6B00F992AC /* Products */;
			projectDirPath = "";
			projectRoot = "";
			targets = (
				DA98BFF02D1D4B6B00F992AC /* MemoWithTags */,
			);
		};
/* End PBXProject section */

/* Begin PBXResourcesBuildPhase section */
		DA98BFEF2D1D4B6B00F992AC /* Resources */ = {
			isa = PBXResourcesBuildPhase;
			buildActionMask = 2147483647;
			files = (
				DABFE27E2D28416000B314E2 /* Preview Assets.xcassets in Resources */,
				DABFE27F2D28416000B314E2 /* Assets.xcassets in Resources */,
			);
			runOnlyForDeploymentPostprocessing = 0;
		};
/* End PBXResourcesBuildPhase section */

/* Begin PBXSourcesBuildPhase section */
		DA98BFED2D1D4B6B00F992AC /* Sources */ = {
			isa = PBXSourcesBuildPhase;
			buildActionMask = 2147483647;
			files = (
				DA4018642D32D3E5008500E2 /* TagDto.swift in Sources */,
				DA53E5192D338A0700C7C9F2 /* DIContainer.swift in Sources */,
				DABFE2542D28416000B314E2 /* Auth.swift in Sources */,
				DAA6789F2D45512F00EFB929 /* TextFormatManager.swift in Sources */,
				DA3641CA2D396F350001EB20 /* ResetPasswordView.swift in Sources */,
				DAFFD2052D68E5B900C44EF1 /* EmailEnterViewModel.swift in Sources */,
				DA40185F2D32D336008500E2 /* UserDto.swift in Sources */,
				DA3641CC2D3971EC0001EB20 /* ResetPasswordViewModel.swift in Sources */,
				DA8F562A2D34152000B8C23F /* BaseViewModel.swift in Sources */,
				DA4018712D32DD02008500E2 /* DefaultTagRepository.swift in Sources */,
				556EF44D2D68AC96001BE9B3 /* UpdateTagUseCase.swift in Sources */,
				556EF44E2D68AC96001BE9B3 /* CreateMemoUseCase.swift in Sources */,
				556EF44F2D68AC96001BE9B3 /* CreateTagUseCase.swift in Sources */,
				556EF4502D68AC96001BE9B3 /* DeleteTagUseCase.swift in Sources */,
				556EF4512D68AC96001BE9B3 /* DeleteMemoUseCase.swift in Sources */,
				556EF4522D68AC96001BE9B3 /* FetchMemoUseCase.swift in Sources */,
				556EF45B2D68ACF0001BE9B3 /* MemoRepository.swift in Sources */,
				556EF45C2D68ACF0001BE9B3 /* TagRepository.swift in Sources */,
				556EF4532D68AC96001BE9B3 /* FetchTagUseCase.swift in Sources */,
				556EF4542D68AC96001BE9B3 /* UpdateMemoUseCase.swift in Sources */,
				DA40BABE2D468ED1002A5893 /* ChangeNickname.swift in Sources */,
				DAD470B82D467EB500A3DFC3 /* AccountSettingView.swift in Sources */,
				DABFE2582D28416000B314E2 /* NetworkConfiguration.swift in Sources */,
				DABFE2592D28416000B314E2 /* TokenInterceptor.swift in Sources */,
				DABFE25A2D28416000B314E2 /* AuthRouter.swift in Sources */,
				DABFE25B2D28416000B314E2 /* Router.swift in Sources */,
				DABFE25C2D28416000B314E2 /* AuthRepository.swift in Sources */,
				DA2DA6632D2A9492000C0495 /* SignupView.swift in Sources */,
				DA40185A2D32C7FC008500E2 /* BaseError.swift in Sources */,
				55ECA11E2D3A7DC4003E1517 /* BioAuthenticationManager.swift in Sources */,
				DAFFD2032D68DAF900C44EF1 /* EmailEnterView.swift in Sources */,
				DABFE25D2D28416000B314E2 /* BaseRepository.swift in Sources */,
				DA40185D2D32D161008500E2 /* AuthDto.swift in Sources */,
				55E610BE2D2A65B200E452A8 /* SearchView.swift in Sources */,
				DA3DA52A2D3650F9002C4839 /* UserState.swift in Sources */,
				DA888AF72D2FA73300525291 /* SplashView.swift in Sources */,
				DA6ACEB42D413A33006427B3 /* GoogleLoginUseCase.swift in Sources */,
				DABFE2842D284E7200B314E2 /* TagRouter.swift in Sources */,
				DAE504092D4664D90089B7D0 /* ChangePassword.swift in Sources */,
				55E610C02D2A65C400E452A8 /* SettingsView.swift in Sources */,
				DABFE25E2D28416000B314E2 /* KeyChainManager.swift in Sources */,
				DA6ACEB22D4139BF006427B3 /* NaverLoginUseCase.swift in Sources */,
				556EF4672D68B161001BE9B3 /* UpdateTagView.swift in Sources */,
				556EF4682D68B161001BE9B3 /* MemoView.swift in Sources */,
				556EF4692D68B161001BE9B3 /* DynamicHeightTextEditor.swift in Sources */,
				556EF46A2D68B161001BE9B3 /* EditingMemoView.swift in Sources */,
				556EF46B2D68B161001BE9B3 /* CreateTagView.swift in Sources */,
				556EF46C2D68B161001BE9B3 /* MemoListView.swift in Sources */,
				556EF46D2D68B161001BE9B3 /* DesignTagView.swift in Sources */,
				556EF46E2D68B161001BE9B3 /* EditingTagListView.swift in Sources */,
				556EF46F2D68B161001BE9B3 /* TagView.swift in Sources */,
				DABFE2612D28416000B314E2 /* EmailVerificationUseCase.swift in Sources */,
				DA4018612D32D35C008500E2 /* MemoDto.swift in Sources */,
				DABFE2622D28416000B314E2 /* ForgotPasswordUseCase.swift in Sources */,
				DA3C9E562D290D1500F28D07 /* AppRootView.swift in Sources */,
				DABFE2632D28416000B314E2 /* LoginUseCase.swift in Sources */,
				DABFE2642D28416000B314E2 /* LogoutUseCase.swift in Sources */,
				DABFE2652D28416000B314E2 /* ResetPasswordUseCase.swift in Sources */,
				DA888AF52D2FA03B00525291 /* NavigationState.swift in Sources */,
				DABFE2662D28416000B314E2 /* SignupUseCase.swift in Sources */,
				DABFE2672D28416000B314E2 /* KakaoLoginUseCase.swift in Sources */,
				DABFE2882D28634600B314E2 /* User.swift in Sources */,
				DA60F2042D4DFFA500F562FA /* WithdrawalUseCase.swift in Sources */,
				DAE504072D4664C40089B7D0 /* SetProfileUseCase.swift in Sources */,
				DA4018732D32DD5D008500E2 /* BaseRepositoryImpl.swift in Sources */,
				DABFE2822D28481100B314E2 /* MemoRouter.swift in Sources */,
				DA0A4EBA2D2BC544007E481D /* SignupSuccessView.swift in Sources */,
				556EF4572D68ACC1001BE9B3 /* Memo.swift in Sources */,
				556EF4582D68ACC1001BE9B3 /* Tag.swift in Sources */,
				DA212CD52D42A13C005D1E15 /* MemoEditorView.swift in Sources */,
				DA40BABC2D468EAA002A5893 /* ChangePasswordView.swift in Sources */,
				DAE504052D465E0C0089B7D0 /* NicknameSettingView.swift in Sources */,
				DA53E51C2D33941400C7C9F2 /* AppState.swift in Sources */,
				DA19C4E92D3FF9AF00ACDC00 /* DeepLinkHandler.swift in Sources */,
				DA40186B2D32DC2E008500E2 /* DefaultAuthRepository.swift in Sources */,
				DA4018682D32D543008500E2 /* Error.swift in Sources */,
				DA0DE63C2D43BD290006668A /* KeyboardManager.swift in Sources */,
				DA3C9E542D29072F00F28D07 /* MainView.swift in Sources */,
				55FD2B7E2D4B6615008BA108 /* MainViewModel.swift in Sources */,
				DABFE2702D28416000B314E2 /* LoginView.swift in Sources */,
				DA27DDA02D3464020044D3C1 /* GetUserInfoUseCase.swift in Sources */,
				DABFE28A2D286BDF00B314E2 /* EmailVerificationViewModel.swift in Sources */,
				DA40186F2D32DCB8008500E2 /* DefaultMemoRepository.swift in Sources */,
				DABFE2752D28416000B314E2 /* LoginViewModel.swift in Sources */,
				DABFE2792D28416000B314E2 /* SignupViewModel.swift in Sources */,
				DA0A4EB82D2B9F0A007E481D /* EmailVerificationView.swift in Sources */,
				DABFE27B2D28416000B314E2 /* CustomColor.swift in Sources */,
				55E610BC2D2A5FA600E452A8 /* DeprecatedMainViewModel.swift in Sources */,
				DABFE27D2D28416000B314E2 /* MemoWithTagsApp.swift in Sources */,
				DA7230A72D34CD5C0065C65A /* SystemState.swift in Sources */,
			);
			runOnlyForDeploymentPostprocessing = 0;
		};
/* End PBXSourcesBuildPhase section */

/* Begin XCBuildConfiguration section */
		DA98BFFD2D1D4B6D00F992AC /* Debug */ = {
			isa = XCBuildConfiguration;
			buildSettings = {
				ALWAYS_SEARCH_USER_PATHS = NO;
				ASSETCATALOG_COMPILER_GENERATE_SWIFT_ASSET_SYMBOL_EXTENSIONS = YES;
				CLANG_ANALYZER_NONNULL = YES;
				CLANG_ANALYZER_NUMBER_OBJECT_CONVERSION = YES_AGGRESSIVE;
				CLANG_CXX_LANGUAGE_STANDARD = "gnu++20";
				CLANG_ENABLE_MODULES = YES;
				CLANG_ENABLE_OBJC_ARC = YES;
				CLANG_ENABLE_OBJC_WEAK = YES;
				CLANG_WARN_BLOCK_CAPTURE_AUTORELEASING = YES;
				CLANG_WARN_BOOL_CONVERSION = YES;
				CLANG_WARN_COMMA = YES;
				CLANG_WARN_CONSTANT_CONVERSION = YES;
				CLANG_WARN_DEPRECATED_OBJC_IMPLEMENTATIONS = YES;
				CLANG_WARN_DIRECT_OBJC_ISA_USAGE = YES_ERROR;
				CLANG_WARN_DOCUMENTATION_COMMENTS = YES;
				CLANG_WARN_EMPTY_BODY = YES;
				CLANG_WARN_ENUM_CONVERSION = YES;
				CLANG_WARN_INFINITE_RECURSION = YES;
				CLANG_WARN_INT_CONVERSION = YES;
				CLANG_WARN_NON_LITERAL_NULL_CONVERSION = YES;
				CLANG_WARN_OBJC_IMPLICIT_RETAIN_SELF = YES;
				CLANG_WARN_OBJC_LITERAL_CONVERSION = YES;
				CLANG_WARN_OBJC_ROOT_CLASS = YES_ERROR;
				CLANG_WARN_QUOTED_INCLUDE_IN_FRAMEWORK_HEADER = YES;
				CLANG_WARN_RANGE_LOOP_ANALYSIS = YES;
				CLANG_WARN_STRICT_PROTOTYPES = YES;
				CLANG_WARN_SUSPICIOUS_MOVE = YES;
				CLANG_WARN_UNGUARDED_AVAILABILITY = YES_AGGRESSIVE;
				CLANG_WARN_UNREACHABLE_CODE = YES;
				CLANG_WARN__DUPLICATE_METHOD_MATCH = YES;
				COPY_PHASE_STRIP = NO;
				DEBUG_INFORMATION_FORMAT = dwarf;
				ENABLE_STRICT_OBJC_MSGSEND = YES;
				ENABLE_TESTABILITY = YES;
				ENABLE_USER_SCRIPT_SANDBOXING = YES;
				GCC_C_LANGUAGE_STANDARD = gnu17;
				GCC_DYNAMIC_NO_PIC = NO;
				GCC_NO_COMMON_BLOCKS = YES;
				GCC_OPTIMIZATION_LEVEL = 0;
				GCC_PREPROCESSOR_DEFINITIONS = (
					"DEBUG=1",
					"$(inherited)",
				);
				GCC_WARN_64_TO_32_BIT_CONVERSION = YES;
				GCC_WARN_ABOUT_RETURN_TYPE = YES_ERROR;
				GCC_WARN_UNDECLARED_SELECTOR = YES;
				GCC_WARN_UNINITIALIZED_AUTOS = YES_AGGRESSIVE;
				GCC_WARN_UNUSED_FUNCTION = YES;
				GCC_WARN_UNUSED_VARIABLE = YES;
				IPHONEOS_DEPLOYMENT_TARGET = 18.2;
				LOCALIZATION_PREFERS_STRING_CATALOGS = YES;
				MTL_ENABLE_DEBUG_INFO = INCLUDE_SOURCE;
				MTL_FAST_MATH = YES;
				ONLY_ACTIVE_ARCH = YES;
				SDKROOT = iphoneos;
				SWIFT_ACTIVE_COMPILATION_CONDITIONS = "DEBUG $(inherited)";
				SWIFT_OPTIMIZATION_LEVEL = "-Onone";
			};
			name = Debug;
		};
		DA98BFFE2D1D4B6D00F992AC /* Release */ = {
			isa = XCBuildConfiguration;
			buildSettings = {
				ALWAYS_SEARCH_USER_PATHS = NO;
				ASSETCATALOG_COMPILER_GENERATE_SWIFT_ASSET_SYMBOL_EXTENSIONS = YES;
				CLANG_ANALYZER_NONNULL = YES;
				CLANG_ANALYZER_NUMBER_OBJECT_CONVERSION = YES_AGGRESSIVE;
				CLANG_CXX_LANGUAGE_STANDARD = "gnu++20";
				CLANG_ENABLE_MODULES = YES;
				CLANG_ENABLE_OBJC_ARC = YES;
				CLANG_ENABLE_OBJC_WEAK = YES;
				CLANG_WARN_BLOCK_CAPTURE_AUTORELEASING = YES;
				CLANG_WARN_BOOL_CONVERSION = YES;
				CLANG_WARN_COMMA = YES;
				CLANG_WARN_CONSTANT_CONVERSION = YES;
				CLANG_WARN_DEPRECATED_OBJC_IMPLEMENTATIONS = YES;
				CLANG_WARN_DIRECT_OBJC_ISA_USAGE = YES_ERROR;
				CLANG_WARN_DOCUMENTATION_COMMENTS = YES;
				CLANG_WARN_EMPTY_BODY = YES;
				CLANG_WARN_ENUM_CONVERSION = YES;
				CLANG_WARN_INFINITE_RECURSION = YES;
				CLANG_WARN_INT_CONVERSION = YES;
				CLANG_WARN_NON_LITERAL_NULL_CONVERSION = YES;
				CLANG_WARN_OBJC_IMPLICIT_RETAIN_SELF = YES;
				CLANG_WARN_OBJC_LITERAL_CONVERSION = YES;
				CLANG_WARN_OBJC_ROOT_CLASS = YES_ERROR;
				CLANG_WARN_QUOTED_INCLUDE_IN_FRAMEWORK_HEADER = YES;
				CLANG_WARN_RANGE_LOOP_ANALYSIS = YES;
				CLANG_WARN_STRICT_PROTOTYPES = YES;
				CLANG_WARN_SUSPICIOUS_MOVE = YES;
				CLANG_WARN_UNGUARDED_AVAILABILITY = YES_AGGRESSIVE;
				CLANG_WARN_UNREACHABLE_CODE = YES;
				CLANG_WARN__DUPLICATE_METHOD_MATCH = YES;
				COPY_PHASE_STRIP = NO;
				DEBUG_INFORMATION_FORMAT = "dwarf-with-dsym";
				ENABLE_NS_ASSERTIONS = NO;
				ENABLE_STRICT_OBJC_MSGSEND = YES;
				ENABLE_USER_SCRIPT_SANDBOXING = YES;
				GCC_C_LANGUAGE_STANDARD = gnu17;
				GCC_NO_COMMON_BLOCKS = YES;
				GCC_WARN_64_TO_32_BIT_CONVERSION = YES;
				GCC_WARN_ABOUT_RETURN_TYPE = YES_ERROR;
				GCC_WARN_UNDECLARED_SELECTOR = YES;
				GCC_WARN_UNINITIALIZED_AUTOS = YES_AGGRESSIVE;
				GCC_WARN_UNUSED_FUNCTION = YES;
				GCC_WARN_UNUSED_VARIABLE = YES;
				IPHONEOS_DEPLOYMENT_TARGET = 18.2;
				LOCALIZATION_PREFERS_STRING_CATALOGS = YES;
				MTL_ENABLE_DEBUG_INFO = NO;
				MTL_FAST_MATH = YES;
				SDKROOT = iphoneos;
				SWIFT_COMPILATION_MODE = wholemodule;
				VALIDATE_PRODUCT = YES;
			};
			name = Release;
		};
		DA98C0002D1D4B6D00F992AC /* Debug */ = {
			isa = XCBuildConfiguration;
			buildSettings = {
				ASSETCATALOG_COMPILER_APPICON_NAME = AppIcon;
				ASSETCATALOG_COMPILER_GLOBAL_ACCENT_COLOR_NAME = AccentColor;
				CODE_SIGN_IDENTITY = "iPhone Distribution";
				CODE_SIGN_STYLE = Manual;
				CURRENT_PROJECT_VERSION = 1;
				DEVELOPMENT_ASSET_PATHS = "\"MemoWithTags/Preview Content\"";
				DEVELOPMENT_TEAM = K9883YB4VR;
				ENABLE_PREVIEWS = YES;
				GENERATE_INFOPLIST_FILE = YES;
				INFOPLIST_FILE = MemoWithTags/Info.plist;
				INFOPLIST_KEY_UIApplicationSceneManifest_Generation = YES;
				INFOPLIST_KEY_UIApplicationSupportsIndirectInputEvents = YES;
				INFOPLIST_KEY_UILaunchScreen_Generation = YES;
				INFOPLIST_KEY_UISupportedInterfaceOrientations_iPad = "UIInterfaceOrientationPortrait UIInterfaceOrientationPortraitUpsideDown UIInterfaceOrientationLandscapeLeft UIInterfaceOrientationLandscapeRight";
				INFOPLIST_KEY_UISupportedInterfaceOrientations_iPhone = "UIInterfaceOrientationPortrait UIInterfaceOrientationLandscapeLeft UIInterfaceOrientationLandscapeRight";
				IPHONEOS_DEPLOYMENT_TARGET = 18.0;
				LD_RUNPATH_SEARCH_PATHS = (
					"$(inherited)",
					"@executable_path/Frameworks",
				);
				MARKETING_VERSION = 1.0.0;
				PRODUCT_BUNDLE_IDENTIFIER = com.wafflestudio.MemoWithTags;
				PRODUCT_NAME = "$(TARGET_NAME)";
				PROVISIONING_PROFILE_SPECIFIER = "match AppStore com.wafflestudio.MemoWithTags";
				SWIFT_EMIT_LOC_STRINGS = YES;
				SWIFT_VERSION = 5.0;
				TARGETED_DEVICE_FAMILY = "1,2";
			};
			name = Debug;
		};
		DA98C0012D1D4B6D00F992AC /* Release */ = {
			isa = XCBuildConfiguration;
			buildSettings = {
				ASSETCATALOG_COMPILER_APPICON_NAME = AppIcon;
				ASSETCATALOG_COMPILER_GLOBAL_ACCENT_COLOR_NAME = AccentColor;
				CODE_SIGN_IDENTITY = "iPhone Distribution";
				CODE_SIGN_STYLE = Manual;
				CURRENT_PROJECT_VERSION = 1;
				DEVELOPMENT_ASSET_PATHS = "\"MemoWithTags/Preview Content\"";
				DEVELOPMENT_TEAM = K9883YB4VR;
				ENABLE_PREVIEWS = YES;
				GENERATE_INFOPLIST_FILE = YES;
				INFOPLIST_FILE = MemoWithTags/Info.plist;
				INFOPLIST_KEY_UIApplicationSceneManifest_Generation = YES;
				INFOPLIST_KEY_UIApplicationSupportsIndirectInputEvents = YES;
				INFOPLIST_KEY_UILaunchScreen_Generation = YES;
				INFOPLIST_KEY_UISupportedInterfaceOrientations_iPad = "UIInterfaceOrientationPortrait UIInterfaceOrientationPortraitUpsideDown UIInterfaceOrientationLandscapeLeft UIInterfaceOrientationLandscapeRight";
				INFOPLIST_KEY_UISupportedInterfaceOrientations_iPhone = "UIInterfaceOrientationPortrait UIInterfaceOrientationLandscapeLeft UIInterfaceOrientationLandscapeRight";
				IPHONEOS_DEPLOYMENT_TARGET = 18.0;
				LD_RUNPATH_SEARCH_PATHS = (
					"$(inherited)",
					"@executable_path/Frameworks",
				);
				MARKETING_VERSION = 1.0.0;
				PRODUCT_BUNDLE_IDENTIFIER = com.wafflestudio.MemoWithTags;
				PRODUCT_NAME = "$(TARGET_NAME)";
				PROVISIONING_PROFILE_SPECIFIER = "match AppStore com.wafflestudio.MemoWithTags";
				SWIFT_EMIT_LOC_STRINGS = YES;
				SWIFT_VERSION = 5.0;
				TARGETED_DEVICE_FAMILY = "1,2";
			};
			name = Release;
		};
/* End XCBuildConfiguration section */

/* Begin XCConfigurationList section */
		DA98BFEC2D1D4B6B00F992AC /* Build configuration list for PBXProject "MemoWithTags" */ = {
			isa = XCConfigurationList;
			buildConfigurations = (
				DA98BFFD2D1D4B6D00F992AC /* Debug */,
				DA98BFFE2D1D4B6D00F992AC /* Release */,
			);
			defaultConfigurationIsVisible = 0;
			defaultConfigurationName = Release;
		};
		DA98BFFF2D1D4B6D00F992AC /* Build configuration list for PBXNativeTarget "MemoWithTags" */ = {
			isa = XCConfigurationList;
			buildConfigurations = (
				DA98C0002D1D4B6D00F992AC /* Debug */,
				DA98C0012D1D4B6D00F992AC /* Release */,
			);
			defaultConfigurationIsVisible = 0;
			defaultConfigurationName = Release;
		};
/* End XCConfigurationList section */

/* Begin XCRemoteSwiftPackageReference section */
		556EF4702D68BB82001BE9B3 /* XCRemoteSwiftPackageReference "RichTextKit" */ = {
			isa = XCRemoteSwiftPackageReference;
			repositoryURL = "https://github.com/danielsaidi/RichTextKit";
			requirement = {
				kind = upToNextMajorVersion;
				minimumVersion = 1.1.2;
			};
		};
		55E610D12D2AD5A500E452A8 /* XCRemoteSwiftPackageReference "Alamofire" */ = {
			isa = XCRemoteSwiftPackageReference;
			repositoryURL = "https://github.com/Alamofire/Alamofire";
			requirement = {
				kind = upToNextMajorVersion;
				minimumVersion = 5.10.2;
			};
		};
		DA2F3ED82D313050006F156E /* XCRemoteSwiftPackageReference "SwiftUI-Flow" */ = {
			isa = XCRemoteSwiftPackageReference;
			repositoryURL = "https://github.com/tevelee/SwiftUI-Flow";
			requirement = {
				kind = upToNextMajorVersion;
				minimumVersion = 3.0.0;
			};
		};
/* End XCRemoteSwiftPackageReference section */

/* Begin XCSwiftPackageProductDependency section */
		556EF4712D68BB82001BE9B3 /* RichTextKit */ = {
			isa = XCSwiftPackageProductDependency;
			package = 556EF4702D68BB82001BE9B3 /* XCRemoteSwiftPackageReference "RichTextKit" */;
			productName = RichTextKit;
		};
		55E610D22D2AD5A500E452A8 /* Alamofire */ = {
			isa = XCSwiftPackageProductDependency;
			package = 55E610D12D2AD5A500E452A8 /* XCRemoteSwiftPackageReference "Alamofire" */;
			productName = Alamofire;
		};
		DA2F3ED92D313050006F156E /* Flow */ = {
			isa = XCSwiftPackageProductDependency;
			package = DA2F3ED82D313050006F156E /* XCRemoteSwiftPackageReference "SwiftUI-Flow" */;
			productName = Flow;
		};
/* End XCSwiftPackageProductDependency section */
	};
	rootObject = DA98BFE92D1D4B6B00F992AC /* Project object */;
}
