{
  "originHash" : "138c5408c021fc3631d6d5543521f3b07f27b3032eccbb1677d10e17158ddfa3",
  "pins" : [
    {
      "identity" : "alamofire",
      "kind" : "remoteSourceControl",
      "location" : "https://github.com/Alamofire/Alamofire",
      "state" : {
        "revision" : "513364f870f6bfc468f9d2ff0a95caccc10044c5",
        "version" : "5.10.2"
      }
    },
    {
      "identity" : "richtextkit",
      "kind" : "remoteSourceControl",
      "location" : "https://github.com/danielsaidi/RichTextKit",
      "state" : {
        "revision" : "d390d66740161554095e3acbd27f84dc3dcc5b03",
        "version" : "1.1.2"
      }
    },
    {
      "identity" : "swiftui-flow",
      "kind" : "remoteSourceControl",
      "location" : "https://github.com/tevelee/SwiftUI-Flow",
      "state" : {
        "revision" : "860e93ec067265aad13c5632141e8757ae97c545",
        "version" : "3.0.0"
      }
    }
  ],
  "version" : 3
}
