{
  "originHash" : "df85451f83f7083c3d0979070770d7980b69d15c80f85dc7b86126c723830df4",
  "pins" : [
    {
      "identity" : "alamofire",
      "kind" : "remoteSourceControl",
      "location" : "https://github.com/Alamofire/Alamofire",
      "state" : {
        "revision" : "513364f870f6bfc468f9d2ff0a95caccc10044c5",
        "version" : "5.10.2"
      }
    },
    {
      "identity" : "swiftui-flow",
      "kind" : "remoteSourceControl",
      "location" : "https://github.com/tevelee/SwiftUI-Flow",
      "state" : {
        "revision" : "860e93ec067265aad13c5632141e8757ae97c545",
        "version" : "3.0.0"
      }
    }
  ],
  "version" : 3
}
