{
  "originHash" : "a0edd5e048f1b0da76e8e260f6cf4329eb8023c6fa2214570717a24c1b736ac3",
  "pins" : [
    {
      "identity" : "alamofire",
      "kind" : "remoteSourceControl",
      "location" : "https://github.com/Alamofire/Alamofire",
      "state" : {
        "revision" : "513364f870f6bfc468f9d2ff0a95caccc10044c5",
        "version" : "5.10.2"
      }
    },
    {
      "identity" : "richtextkit",
      "kind" : "remoteSourceControl",
      "location" : "https://github.com/danielsaidi/RichTextKit",
      "state" : {
        "revision" : "d390d66740161554095e3acbd27f84dc3dcc5b03",
        "version" : "1.1.2"
      }
    },
    {
      "identity" : "swiftui-flow",
      "kind" : "remoteSourceControl",
      "location" : "https://github.com/tevelee/SwiftUI-Flow",
      "state" : {
        "revision" : "5b2f4b3373ff5ba6a8a1666d52ebfd9dc6c0e10b",
        "version" : "3.0.1"
      }
    }
  ],
  "version" : 3
}
